# This file is automatically @generated by Cargo.
# It is not intended for manual editing.
version = 3

[[package]]
name = "bin"
version = "0.1.0"

[[package]]
name = "client"
version = "0.1.0"

[[package]]
name = "engine"
version = "0.1.0"

[[package]]
name = "runtime"
version = "0.1.0"

[[package]]
name = "server"
version = "0.1.0"
